
Microsoft Visual Studio Solution File, Format Version 12.00
# Visual Studio 15
VisualStudioVersion = 15.0.28307.757
MinimumVisualStudioVersion = 10.0.40219.1
Project("{FAE04EC0-301F-11D3-BF4B-00C04F79EFBC}") = "HikingService", "HikingService\HikingService.csproj", "{B3903176-BE92-4A53-85F3-BD08767DDFFB}"
EndProject
Project("{FAE04EC0-301F-11D3-BF4B-00C04F79EFBC}") = "HikingModel", "HikingModel\HikingModel.csproj", "{57AF691E-645D-46FE-BE41-6F08EB1B6880}"
EndProject
Project("{FAE04EC0-301F-11D3-BF4B-00C04F79EFBC}") = "HikingModelEF", "HikingModelEF\HikingModelEF.csproj", "{F78C6830-B764-4D88-9E25-2F0F1D9FC474}"
EndProject
Project("{FAE04EC0-301F-11D3-BF4B-00C04F79EFBC}") = "HikerDb.SchemaBuilder", "HikerDb.SchemaBuilder\HikerDb.SchemaBuilder.csproj", "{1D787A12-266A-4579-B1AB-3A257C67FBF7}"
EndProject
Global
	GlobalSection(SolutionConfigurationPlatforms) = preSolution
		Debug|Any CPU = Debug|Any CPU
		Release|Any CPU = Release|Any CPU
	EndGlobalSection
	GlobalSection(ProjectConfigurationPlatforms) = postSolution
		{B3903176-BE92-4A53-85F3-BD08767DDFFB}.Debug|Any CPU.ActiveCfg = Debug|Any CPU
		{B3903176-BE92-4A53-85F3-BD08767DDFFB}.Debug|Any CPU.Build.0 = Debug|Any CPU
		{B3903176-BE92-4A53-85F3-BD08767DDFFB}.Release|Any CPU.ActiveCfg = Release|Any CPU
		{B3903176-BE92-4A53-85F3-BD08767DDFFB}.Release|Any CPU.Build.0 = Release|Any CPU
		{57AF691E-645D-46FE-BE41-6F08EB1B6880}.Debug|Any CPU.ActiveCfg = Debug|Any CPU
		{57AF691E-645D-46FE-BE41-6F08EB1B6880}.Debug|Any CPU.Build.0 = Debug|Any CPU
		{57AF691E-645D-46FE-BE41-6F08EB1B6880}.Release|Any CPU.ActiveCfg = Release|Any CPU
		{57AF691E-645D-46FE-BE41-6F08EB1B6880}.Release|Any CPU.Build.0 = Release|Any CPU
		{F78C6830-B764-4D88-9E25-2F0F1D9FC474}.Debug|Any CPU.ActiveCfg = Debug|Any CPU
		{F78C6830-B764-4D88-9E25-2F0F1D9FC474}.Debug|Any CPU.Build.0 = Debug|Any CPU
		{F78C6830-B764-4D88-9E25-2F0F1D9FC474}.Release|Any CPU.ActiveCfg = Release|Any CPU
		{F78C6830-B764-4D88-9E25-2F0F1D9FC474}.Release|Any CPU.Build.0 = Release|Any CPU
		{1D787A12-266A-4579-B1AB-3A257C67FBF7}.Debug|Any CPU.ActiveCfg = Debug|Any CPU
		{1D787A12-266A-4579-B1AB-3A257C67FBF7}.Debug|Any CPU.Build.0 = Debug|Any CPU
		{1D787A12-266A-4579-B1AB-3A257C67FBF7}.Release|Any CPU.ActiveCfg = Release|Any CPU
		{1D787A12-266A-4579-B1AB-3A257C67FBF7}.Release|Any CPU.Build.0 = Release|Any CPU
	EndGlobalSection
	GlobalSection(SolutionProperties) = preSolution
		HideSolutionNode = FALSE
	EndGlobalSection
	GlobalSection(ExtensibilityGlobals) = postSolution
		SolutionGuid = {E2627BB4-ACCE-4F63-90FF-B1DF378B84DA}
	EndGlobalSection
EndGlobal
